
Microsoft Visual Studio Solution File, Format Version 12.00
# Visual Studio Version 17
VisualStudioVersion = 17.0.31903.59
MinimumVisualStudioVersion = 10.0.40219.1
Project("{FAE04EC0-301F-11D3-BF4B-00C04F79EFBC}") = "quiz", "quiz\quiz.csproj", "{038E5510-B0CA-4806-ACF1-378BA7A5F0E4}"
EndProject
Global
	GlobalSection(SolutionConfigurationPlatforms) = preSolution
		Debug|Any CPU = Debug|Any CPU
		Release|Any CPU = Release|Any CPU
	EndGlobalSection
	GlobalSection(SolutionProperties) = preSolution
		HideSolutionNode = FALSE
	EndGlobalSection
	GlobalSection(ProjectConfigurationPlatforms) = postSolution
		{038E5510-B0CA-4806-ACF1-378BA7A5F0E4}.Debug|Any CPU.ActiveCfg = Debug|Any CPU
		{038E5510-B0CA-4806-ACF1-378BA7A5F0E4}.Debug|Any CPU.Build.0 = Debug|Any CPU
		{038E5510-B0CA-4806-ACF1-378BA7A5F0E4}.Release|Any CPU.ActiveCfg = Release|Any CPU
		{038E5510-B0CA-4806-ACF1-378BA7A5F0E4}.Release|Any CPU.Build.0 = Release|Any CPU
	EndGlobalSection
EndGlobal
